
Microsoft Visual Studio Solution File, Format Version 12.00
# Visual Studio Version 16
VisualStudioVersion = 16.0.32510.428
MinimumVisualStudioVersion = 10.0.40219.1
Project("{FAE04EC0-301F-11D3-BF4B-00C04F79EFBC}") = "UnityExplorerWrapper", "UnityExplorerWrapper\UnityExplorerWrapper.csproj", "{E81F7D5C-C983-47AD-A20D-FF2F55992CB4}"
EndProject
Global
	GlobalSection(SolutionConfigurationPlatforms) = preSolution
		Debug|Any CPU = Debug|Any CPU
		Release|Any CPU = Release|Any CPU
	EndGlobalSection
	GlobalSection(ProjectConfigurationPlatforms) = postSolution
		{E81F7D5C-C983-47AD-A20D-FF2F55992CB4}.Debug|Any CPU.ActiveCfg = Release|Any CPU
		{E81F7D5C-C983-47AD-A20D-FF2F55992CB4}.Debug|Any CPU.Build.0 = Release|Any CPU
		{E81F7D5C-C983-47AD-A20D-FF2F55992CB4}.Release|Any CPU.ActiveCfg = Release|Any CPU
		{E81F7D5C-C983-47AD-A20D-FF2F55992CB4}.Release|Any CPU.Build.0 = Release|Any CPU
	EndGlobalSection
	GlobalSection(SolutionProperties) = preSolution
		HideSolutionNode = FALSE
	EndGlobalSection
	GlobalSection(ExtensibilityGlobals) = postSolution
		SolutionGuid = {F04EEDBC-E3E9-4C86-9378-35316120BEE8}
	EndGlobalSection
EndGlobal
